{
  "nodes": {
    "crane": {
      "locked": {
        "lastModified": 1780532242,
        "narHash": "sha256-D+BsdpxmtUwtqGoY0IXPhHgTlmqgcZKCEo1oMyn7ep0=",
        "owner": "ipetkov",
        "repo": "crane",
        "rev": "59a82a1222dd3b2080b5cc52a1a2e8d5f1b77f37",
        "type": "github"
      },
      "original": {
        "owner": "ipetkov",
        "repo": "crane",
        "type": "github"
      }
    },
    "logos-blockchain-circuits": {
      "inputs": {
        "nixpkgs": "nixpkgs"
      },
      "locked": {
        "lastModified": 1785937360,
        "narHash": "sha256-Id4IZ1pQ5qcTabs4fFWbfSZPHEbyDAx/3CDKv4CawII=",
        "owner": "logos-blockchain",
        "repo": "logos-blockchain-circuits",
        "rev": "32f1ac43f331f0eeff3a2a0aec0f153564d03583",
        "type": "github"
      },
      "original": {
        "owner": "logos-blockchain",
        "ref": "v0.5.5",
        "repo": "logos-blockchain-circuits",
        "type": "github"
      }
    },
    "nixpkgs": {
      "locked": {
        "lastModified": 1767313136,
        "narHash": "sha256-16KkgfdYqjaeRGBaYsNrhPRRENs0qzkQVUooNHtoy2w=",
        "owner": "NixOS",
        "repo": "nixpkgs",
        "rev": "ac62194c3917d5f474c1a844b6fd6da2db95077d",
        "type": "github"
      },
      "original": {
        "owner": "NixOS",
        "ref": "nixos-25.05",
        "repo": "nixpkgs",
        "type": "github"
      }
    },
    "nixpkgs_2": {
      "locked": {
        "lastModified": 1781074563,
        "narHash": "sha256-md8WlXOlfnIeHeOScMTTHFyf2d6iaTwPl2apR5EQ3P4=",
        "owner": "NixOS",
        "repo": "nixpkgs",
        "rev": "9ae611a455b90cf061d8f332b977e387bda8e1ca",
        "type": "github"
      },
      "original": {
        "owner": "NixOS",
        "ref": "nixos-unstable",
        "repo": "nixpkgs",
        "type": "github"
      }
    },
    "nixpkgs_3": {
      "locked": {
        "lastModified": 1767313136,
        "narHash": "sha256-16KkgfdYqjaeRGBaYsNrhPRRENs0qzkQVUooNHtoy2w=",
        "owner": "NixOS",
        "repo": "nixpkgs",
        "rev": "ac62194c3917d5f474c1a844b6fd6da2db95077d",
        "type": "github"
      },
      "original": {
        "owner": "NixOS",
        "ref": "nixos-25.05",
        "repo": "nixpkgs",
        "type": "github"
      }
    },
    "root": {
      "inputs": {
        "crane": "crane",
        "logos-blockchain-circuits": "logos-blockchain-circuits",
        "nixpkgs": "nixpkgs_2",
        "rust-overlay": "rust-overlay",
        "rust-rapidsnark": "rust-rapidsnark"
      }
    },
    "rust-overlay": {
      "inputs": {
        "nixpkgs": [
          "nixpkgs"
        ]
      },
      "locked": {
        "lastModified": 1785302874,
        "narHash": "sha256-fpKEww3TJoo1ANHO2q918ei+ayOrp0YEQAO1DuBLOB4=",
        "owner": "oxalica",
        "repo": "rust-overlay",
        "rev": "b99d48435bc3e34309d2c7ae6f7d45e77a156c38",
        "type": "github"
      },
      "original": {
        "owner": "oxalica",
        "repo": "rust-overlay",
        "rev": "b99d48435bc3e34309d2c7ae6f7d45e77a156c38",
        "type": "github"
      }
    },
    "rust-rapidsnark": {
      "inputs": {
        "nixpkgs": "nixpkgs_3"
      },
      "locked": {
        "lastModified": 1781090841,
        "narHash": "sha256-A1wVkHRw3/xpV30JUgWxvfW5PgcyrxQxk7b4So5vXNs=",
        "owner": "logos-blockchain",
        "repo": "logos-blockchain-rust-rapidsnark",
        "rev": "e91187f8ccb5bbfc7bb00dac88169112428da78f",
        "type": "github"
      },
      "original": {
        "owner": "logos-blockchain",
        "repo": "logos-blockchain-rust-rapidsnark",
        "rev": "e91187f8ccb5bbfc7bb00dac88169112428da78f",
        "type": "github"
      }
    }
  },
  "root": "root",
  "version": 7
}
